Microsoft Visual Studio Solution File, Format Version 12.00
# Visual Studio Version 17
VisualStudioVersion = 17.5.2.0
MinimumVisualStudioVersion = 10.0.40219.1
Project("{FAE04EC0-301F-11D3-BF4B-00C04F79EFBC}") = "AllocationManager", "AllocationManager.csproj", "{420EB750-C724-AA57-E4EE-7DD9B6D11573}"
EndProject
Global
	GlobalSection(SolutionConfigurationPlatforms) = preSolution
		Debug|Any CPU = Debug|Any CPU
		Release|Any CPU = Release|Any CPU
	EndGlobalSection
	GlobalSection(ProjectConfigurationPlatforms) = postSolution
		{420EB750-C724-AA57-E4EE-7DD9B6D11573}.Debug|Any CPU.ActiveCfg = Debug|Any CPU
		{420EB750-C724-AA57-E4EE-7DD9B6D11573}.Debug|Any CPU.Build.0 = Debug|Any CPU
		{420EB750-C724-AA57-E4EE-7DD9B6D11573}.Release|Any CPU.ActiveCfg = Release|Any CPU
		{420EB750-C724-AA57-E4EE-7DD9B6D11573}.Release|Any CPU.Build.0 = Release|Any CPU
	EndGlobalSection
	GlobalSection(SolutionProperties) = preSolution
		HideSolutionNode = FALSE
	EndGlobalSection
	GlobalSection(ExtensibilityGlobals) = postSolution
		SolutionGuid = {98D1B560-284E-49E8-A628-C0ADE3CAC022}
	EndGlobalSection
EndGlobal
